
Microsoft Visual Studio Solution File, Format Version 12.00
# Visual Studio 15
Project("{FAE04EC0-301F-11D3-BF4B-00C04F79EFBC}") = "oop", "oop\oop.csproj", "{774ED448-2CA7-4B30-A882-5FF63A1FF549}"
EndProject
Global
	GlobalSection(SolutionConfigurationPlatforms) = preSolution
		Debug|Any CPU = Debug|Any CPU
		Release|Any CPU = Release|Any CPU
	EndGlobalSection
	GlobalSection(ProjectConfigurationPlatforms) = postSolution
		{774ED448-2CA7-4B30-A882-5FF63A1FF549}.Debug|Any CPU.ActiveCfg = Debug|Any CPU
		{774ED448-2CA7-4B30-A882-5FF63A1FF549}.Debug|Any CPU.Build.0 = Debug|Any CPU
		{774ED448-2CA7-4B30-A882-5FF63A1FF549}.Release|Any CPU.ActiveCfg = Release|Any CPU
		{774ED448-2CA7-4B30-A882-5FF63A1FF549}.Release|Any CPU.Build.0 = Release|Any CPU
	EndGlobalSection
EndGlobal
