
Microsoft Visual Studio Solution File, Format Version 12.00
# Visual Studio Version 16
VisualStudioVersion = 16.0.30804.86
MinimumVisualStudioVersion = 10.0.40219.1
Project("{9A19103F-16F7-4668-BE54-9A1E7A4F7556}") = "OOP", "OOP\OOP.csproj", "{828357CD-8276-4A41-927D-24D7D2403E61}"
EndProject
Project("{FAE04EC0-301F-11D3-BF4B-00C04F79EFBC}") = "OOP_GUI", "OOP_GUI\OOP_GUI.csproj", "{500AADBD-1058-4044-A4EA-46509247FC85}"
EndProject
Global
	GlobalSection(SolutionConfigurationPlatforms) = preSolution
		Debug|Any CPU = Debug|Any CPU
		Release|Any CPU = Release|Any CPU
	EndGlobalSection
	GlobalSection(ProjectConfigurationPlatforms) = postSolution
		{828357CD-8276-4A41-927D-24D7D2403E61}.Debug|Any CPU.ActiveCfg = Debug|Any CPU
		{828357CD-8276-4A41-927D-24D7D2403E61}.Debug|Any CPU.Build.0 = Debug|Any CPU
		{828357CD-8276-4A41-927D-24D7D2403E61}.Release|Any CPU.ActiveCfg = Release|Any CPU
		{828357CD-8276-4A41-927D-24D7D2403E61}.Release|Any CPU.Build.0 = Release|Any CPU
		{500AADBD-1058-4044-A4EA-46509247FC85}.Debug|Any CPU.ActiveCfg = Debug|Any CPU
		{500AADBD-1058-4044-A4EA-46509247FC85}.Debug|Any CPU.Build.0 = Debug|Any CPU
		{500AADBD-1058-4044-A4EA-46509247FC85}.Release|Any CPU.ActiveCfg = Release|Any CPU
		{500AADBD-1058-4044-A4EA-46509247FC85}.Release|Any CPU.Build.0 = Release|Any CPU
	EndGlobalSection
	GlobalSection(SolutionProperties) = preSolution
		HideSolutionNode = FALSE
	EndGlobalSection
	GlobalSection(ExtensibilityGlobals) = postSolution
		SolutionGuid = {EAB0C59C-FF97-472A-9BEB-C2FEC31C2547}
	EndGlobalSection
EndGlobal
