
Microsoft Visual Studio Solution File, Format Version 12.00
# Visual Studio Version 16
VisualStudioVersion = 16.0.30804.86
MinimumVisualStudioVersion = 10.0.40219.1
Project("{FAE04EC0-301F-11D3-BF4B-00C04F79EFBC}") = "Overloading", "Overloading\Overloading.csproj", "{5B5D322B-FA71-4D5F-86F7-79AF38269ADD}"
EndProject
Project("{FAE04EC0-301F-11D3-BF4B-00C04F79EFBC}") = "Overloading_TERMINAL", "Overloading_TERMINAL\Overloading_TERMINAL.csproj", "{83B1A8F9-BC7D-4DAB-84C9-31E6A080FCEF}"
EndProject
Global
	GlobalSection(SolutionConfigurationPlatforms) = preSolution
		Debug|Any CPU = Debug|Any CPU
		Release|Any CPU = Release|Any CPU
	EndGlobalSection
	GlobalSection(ProjectConfigurationPlatforms) = postSolution
		{5B5D322B-FA71-4D5F-86F7-79AF38269ADD}.Debug|Any CPU.ActiveCfg = Debug|Any CPU
		{5B5D322B-FA71-4D5F-86F7-79AF38269ADD}.Debug|Any CPU.Build.0 = Debug|Any CPU
		{5B5D322B-FA71-4D5F-86F7-79AF38269ADD}.Release|Any CPU.ActiveCfg = Release|Any CPU
		{5B5D322B-FA71-4D5F-86F7-79AF38269ADD}.Release|Any CPU.Build.0 = Release|Any CPU
		{83B1A8F9-BC7D-4DAB-84C9-31E6A080FCEF}.Debug|Any CPU.ActiveCfg = Debug|Any CPU
		{83B1A8F9-BC7D-4DAB-84C9-31E6A080FCEF}.Debug|Any CPU.Build.0 = Debug|Any CPU
		{83B1A8F9-BC7D-4DAB-84C9-31E6A080FCEF}.Release|Any CPU.ActiveCfg = Release|Any CPU
		{83B1A8F9-BC7D-4DAB-84C9-31E6A080FCEF}.Release|Any CPU.Build.0 = Release|Any CPU
	EndGlobalSection
	GlobalSection(SolutionProperties) = preSolution
		HideSolutionNode = FALSE
	EndGlobalSection
	GlobalSection(ExtensibilityGlobals) = postSolution
		SolutionGuid = {BA110287-A319-40E0-BF6B-0BD68461F192}
	EndGlobalSection
EndGlobal
