
Microsoft Visual Studio Solution File, Format Version 12.00
# Visual Studio Version 16
VisualStudioVersion = 16.0.30804.86
MinimumVisualStudioVersion = 10.0.40219.1
Project("{FAE04EC0-301F-11D3-BF4B-00C04F79EFBC}") = "REST", "REST\REST.csproj", "{4E42863D-B7AF-4865-8C37-D9DF332ED64C}"
EndProject
Global
	GlobalSection(SolutionConfigurationPlatforms) = preSolution
		Debug|Any CPU = Debug|Any CPU
		Release|Any CPU = Release|Any CPU
	EndGlobalSection
	GlobalSection(ProjectConfigurationPlatforms) = postSolution
		{4E42863D-B7AF-4865-8C37-D9DF332ED64C}.Debug|Any CPU.ActiveCfg = Debug|Any CPU
		{4E42863D-B7AF-4865-8C37-D9DF332ED64C}.Debug|Any CPU.Build.0 = Debug|Any CPU
		{4E42863D-B7AF-4865-8C37-D9DF332ED64C}.Release|Any CPU.ActiveCfg = Release|Any CPU
		{4E42863D-B7AF-4865-8C37-D9DF332ED64C}.Release|Any CPU.Build.0 = Release|Any CPU
	EndGlobalSection
	GlobalSection(SolutionProperties) = preSolution
		HideSolutionNode = FALSE
	EndGlobalSection
	GlobalSection(ExtensibilityGlobals) = postSolution
		SolutionGuid = {5C2BFFB9-03A9-46D6-BCBD-3B67FCCC0AD7}
	EndGlobalSection
EndGlobal
