
Microsoft Visual Studio Solution File, Format Version 12.00
# Visual Studio Version 16
VisualStudioVersion = 16.0.30804.86
MinimumVisualStudioVersion = 10.0.40219.1
Project("{FAE04EC0-301F-11D3-BF4B-00C04F79EFBC}") = "SOAPCombobox", "SOAPCombobox\SOAPCombobox.csproj", "{699B0E20-5D6D-4AB6-B8B2-19A63A9465AA}"
EndProject
Global
	GlobalSection(SolutionConfigurationPlatforms) = preSolution
		Debug|Any CPU = Debug|Any CPU
		Release|Any CPU = Release|Any CPU
	EndGlobalSection
	GlobalSection(ProjectConfigurationPlatforms) = postSolution
		{699B0E20-5D6D-4AB6-B8B2-19A63A9465AA}.Debug|Any CPU.ActiveCfg = Debug|Any CPU
		{699B0E20-5D6D-4AB6-B8B2-19A63A9465AA}.Debug|Any CPU.Build.0 = Debug|Any CPU
		{699B0E20-5D6D-4AB6-B8B2-19A63A9465AA}.Release|Any CPU.ActiveCfg = Release|Any CPU
		{699B0E20-5D6D-4AB6-B8B2-19A63A9465AA}.Release|Any CPU.Build.0 = Release|Any CPU
	EndGlobalSection
	GlobalSection(SolutionProperties) = preSolution
		HideSolutionNode = FALSE
	EndGlobalSection
	GlobalSection(ExtensibilityGlobals) = postSolution
		SolutionGuid = {CD1FAF3E-9589-40E1-AC9A-B146AE66F823}
	EndGlobalSection
EndGlobal
